{
  "version": 4,
  "terraform_version": "1.6.2",
  "serial": 98,
  "lineage": "29962d02-e377-6dfb-666d-8b333d5c8ed1",
  "outputs": {
    "droplet_ip_addr": {
      "value": [
        "206.189.28.195",
        "206.189.18.70",
        "206.189.28.246"
      ],
      "type": [
        "tuple",
        [
          "string",
          "string",
          "string"
        ]
      ]
    },
    "droplet_private_ip_addr": {
      "value": [
        "10.10.10.2",
        "10.10.10.4",
        "10.10.10.3"
      ],
      "type": [
        "tuple",
        [
          "string",
          "string",
          "string"
        ]
      ]
    },
    "droplets_count": {
      "value": [
        0,
        0
      ],
      "type": [
        "tuple",
        [
          "number",
          "number"
        ]
      ]
    },
    "id": {
      "value": [
        "deployment",
        "kubernetes"
      ],
      "type": [
        "tuple",
        [
          "string",
          "string"
        ]
      ]
    },
    "local_ssh_key": {
      "value": "13:d9:f6:75:8c:c9:f4:79:3f:2f:b2:e8:bd:f8:1e:e8",
      "type": "string",
      "sensitive": true
    },
    "project_created_at": {
      "value": "2023-10-29T16:26:27Z",
      "type": "string"
    },
    "total_resource_count": {
      "value": [
        0,
        0
      ],
      "type": [
        "tuple",
        [
          "number",
          "number"
        ]
      ]
    },
    "vpc_uuid": {
      "value": "0ec632b1-cce6-4c42-bfbb-77a192c1ec24",
      "type": "string"
    }
  },
  "resources": [
    {
      "module": "module.kubernetes_nodes[\"masternode\"]",
      "mode": "managed",
      "type": "digitalocean_droplet",
      "name": "kubernetes_node",
      "provider": "provider[\"registry.terraform.io/digitalocean/digitalocean\"]",
      "instances": [
        {
          "schema_version": 1,
          "attributes": {
            "backups": false,
            "created_at": "2023-10-29T16:25:55Z",
            "disk": 25,
            "droplet_agent": null,
            "graceful_shutdown": false,
            "id": "382243055",
            "image": "rockylinux-8-x64",
            "ipv4_address": "206.189.28.195",
            "ipv4_address_private": "10.10.10.2",
            "ipv6": false,
            "ipv6_address": "",
            "locked": false,
            "memory": 8192,
            "monitoring": false,
            "name": "masternode",
            "price_hourly": 0.09375,
            "price_monthly": 63,
            "private_networking": true,
            "region": "lon1",
            "resize_disk": true,
            "size": "g-2vcpu-8gb",
            "ssh_keys": [
              "13:d9:f6:75:8c:c9:f4:79:3f:2f:b2:e8:bd:f8:1e:e8"
            ],
            "status": "active",
            "tags": [
              "deployment",
              "kubernetes"
            ],
            "timeouts": null,
            "urn": "do:droplet:382243055",
            "user_data": null,
            "vcpus": 2,
            "volume_ids": [],
            "vpc_uuid": "0ec632b1-cce6-4c42-bfbb-77a192c1ec24"
          },
          "sensitive_attributes": [
            [
              {
                "type": "get_attr",
                "value": "ssh_keys"
              }
            ]
          ],
          "private": "eyJlMmJmYjczMC1lY2FhLTExZTYtOGY4OC0zNDM2M2JjN2M0YzAiOnsiY3JlYXRlIjozNjAwMDAwMDAwMDAwLCJkZWxldGUiOjYwMDAwMDAwMDAwLCJ1cGRhdGUiOjM2MDAwMDAwMDAwMDB9LCJzY2hlbWFfdmVyc2lvbiI6IjEifQ==",
          "dependencies": [
            "module.kubernetes_vpc.digitalocean_vpc.private_network",
            "module.ssh.data.digitalocean_ssh_key.ssh_key",
            "module.ssh.digitalocean_ssh_key.default",
            "module.ssh.tls_private_key.ssh",
            "module.tags.digitalocean_tag.tag"
          ]
        }
      ]
    },
    {
      "module": "module.kubernetes_nodes[\"workernode1\"]",
      "mode": "managed",
      "type": "digitalocean_droplet",
      "name": "kubernetes_node",
      "provider": "provider[\"registry.terraform.io/digitalocean/digitalocean\"]",
      "instances": [
        {
          "schema_version": 1,
          "attributes": {
            "backups": false,
            "created_at": "2023-10-29T16:25:55Z",
            "disk": 25,
            "droplet_agent": null,
            "graceful_shutdown": false,
            "id": "382243056",
            "image": "rockylinux-8-x64",
            "ipv4_address": "206.189.18.70",
            "ipv4_address_private": "10.10.10.4",
            "ipv6": false,
            "ipv6_address": "",
            "locked": false,
            "memory": 8192,
            "monitoring": false,
            "name": "workernode1",
            "price_hourly": 0.09375,
            "price_monthly": 63,
            "private_networking": true,
            "region": "lon1",
            "resize_disk": true,
            "size": "g-2vcpu-8gb",
            "ssh_keys": [
              "13:d9:f6:75:8c:c9:f4:79:3f:2f:b2:e8:bd:f8:1e:e8"
            ],
            "status": "active",
            "tags": [
              "deployment",
              "kubernetes"
            ],
            "timeouts": null,
            "urn": "do:droplet:382243056",
            "user_data": null,
            "vcpus": 2,
            "volume_ids": [],
            "vpc_uuid": "0ec632b1-cce6-4c42-bfbb-77a192c1ec24"
          },
          "sensitive_attributes": [
            [
              {
                "type": "get_attr",
                "value": "ssh_keys"
              }
            ]
          ],
          "private": "eyJlMmJmYjczMC1lY2FhLTExZTYtOGY4OC0zNDM2M2JjN2M0YzAiOnsiY3JlYXRlIjozNjAwMDAwMDAwMDAwLCJkZWxldGUiOjYwMDAwMDAwMDAwLCJ1cGRhdGUiOjM2MDAwMDAwMDAwMDB9LCJzY2hlbWFfdmVyc2lvbiI6IjEifQ==",
          "dependencies": [
            "module.kubernetes_vpc.digitalocean_vpc.private_network",
            "module.ssh.data.digitalocean_ssh_key.ssh_key",
            "module.ssh.digitalocean_ssh_key.default",
            "module.ssh.tls_private_key.ssh",
            "module.tags.digitalocean_tag.tag"
          ]
        }
      ]
    },
    {
      "module": "module.kubernetes_nodes[\"workernode2\"]",
      "mode": "managed",
      "type": "digitalocean_droplet",
      "name": "kubernetes_node",
      "provider": "provider[\"registry.terraform.io/digitalocean/digitalocean\"]",
      "instances": [
        {
          "schema_version": 1,
          "attributes": {
            "backups": false,
            "created_at": "2023-10-29T16:25:55Z",
            "disk": 25,
            "droplet_agent": null,
            "graceful_shutdown": false,
            "id": "382243057",
            "image": "rockylinux-8-x64",
            "ipv4_address": "206.189.28.246",
            "ipv4_address_private": "10.10.10.3",
            "ipv6": false,
            "ipv6_address": "",
            "locked": false,
            "memory": 8192,
            "monitoring": false,
            "name": "workernode2",
            "price_hourly": 0.09375,
            "price_monthly": 63,
            "private_networking": true,
            "region": "lon1",
            "resize_disk": true,
            "size": "g-2vcpu-8gb",
            "ssh_keys": [
              "13:d9:f6:75:8c:c9:f4:79:3f:2f:b2:e8:bd:f8:1e:e8"
            ],
            "status": "active",
            "tags": [
              "deployment",
              "kubernetes"
            ],
            "timeouts": null,
            "urn": "do:droplet:382243057",
            "user_data": null,
            "vcpus": 2,
            "volume_ids": [],
            "vpc_uuid": "0ec632b1-cce6-4c42-bfbb-77a192c1ec24"
          },
          "sensitive_attributes": [
            [
              {
                "type": "get_attr",
                "value": "ssh_keys"
              }
            ]
          ],
          "private": "eyJlMmJmYjczMC1lY2FhLTExZTYtOGY4OC0zNDM2M2JjN2M0YzAiOnsiY3JlYXRlIjozNjAwMDAwMDAwMDAwLCJkZWxldGUiOjYwMDAwMDAwMDAwLCJ1cGRhdGUiOjM2MDAwMDAwMDAwMDB9LCJzY2hlbWFfdmVyc2lvbiI6IjEifQ==",
          "dependencies": [
            "module.kubernetes_vpc.digitalocean_vpc.private_network",
            "module.ssh.data.digitalocean_ssh_key.ssh_key",
            "module.ssh.digitalocean_ssh_key.default",
            "module.ssh.tls_private_key.ssh",
            "module.tags.digitalocean_tag.tag"
          ]
        }
      ]
    },
    {
      "module": "module.kubernetes_vpc",
      "mode": "managed",
      "type": "digitalocean_vpc",
      "name": "private_network",
      "provider": "provider[\"registry.terraform.io/digitalocean/digitalocean\"]",
      "instances": [
        {
          "schema_version": 0,
          "attributes": {
            "created_at": "2023-10-29 16:25:55 +0000 UTC",
            "default": false,
            "description": "",
            "id": "0ec632b1-cce6-4c42-bfbb-77a192c1ec24",
            "ip_range": "10.10.10.0/24",
            "name": "kubernetes-vpc",
            "region": "lon1",
            "timeouts": null,
            "urn": "do:vpc:0ec632b1-cce6-4c42-bfbb-77a192c1ec24"
          },
          "sensitive_attributes": [],
          "private": "eyJlMmJmYjczMC1lY2FhLTExZTYtOGY4OC0zNDM2M2JjN2M0YzAiOnsiZGVsZXRlIjoxMjAwMDAwMDAwMDB9fQ=="
        }
      ]
    },
    {
      "module": "module.ssh",
      "mode": "data",
      "type": "digitalocean_ssh_key",
      "name": "ssh_key",
      "provider": "provider[\"registry.terraform.io/digitalocean/digitalocean\"]",
      "instances": [
        {
          "index_key": 0,
          "schema_version": 0,
          "attributes": {
            "fingerprint": "13:d9:f6:75:8c:c9:f4:79:3f:2f:b2:e8:bd:f8:1e:e8",
            "id": 39817728,
            "name": "personal_ssh_key",
            "public_key": "ssh-rsa AAAAB3NzaC1yc2EAAAADAQABAAACAQDqsWeGvx8/1syPSLVXMn8X7hbDd8+fOk/5RIGb2yyMgtxZyKXbY7WpyP0p6DVNabWK2w7UsWRgpsk4dDnPTBqu4tfCQcXtMT4dRgOPtdOuTGbegf4gaCAwkULY/LqzAB54iYEjGVvWyn1/ANYRBSME+lM97xuB7pfTWykt/r7Pcx/gsZ56Sw2oiPj5kIt/yCLCys5SQaMo+x+bt7W6BQLOeHb/SV7+lklnAQPjpMJp+jC0WUmU5hlFb2fUEvqlKsObRMzn+MmljsMv0I4+F3k3XXGiSqzIg3h97BEgT32SVUEC1wIpVAM3KCNeo8xLe004EpS5jE0smWgTvseAUNTaYw2Fuo3gsbFSRbANbg6wBSOO1HwSY/j2nOGMLygBOKbeHt1wJazovuBHz2A1Jn8MYOeW+sE7RMcdy/0Fw9PPsHvyzBgFroje63xr3i9XxlTWWpALFBBGcvT+dKol8R9dECDlYIbBVPTiP3Q2Va7WRnnSGm27tQSMKYwlIVJL75EP1GWPXkt+ItlKRzkZRWmsFHidRYwLiQAMvsYnd2u+N0zDiNyI2FpRkhhj1WMXi+ZTXxNoZ5JkxtJFJDBaogRz55o5WjhadxAWwSFRfilabwA5KcL+gVW7/Wa/tjK+BJBu0iAH+lBLI8xCA7SNs6+xAleTKGQT5C+bQYCXX0Xpgw== miguelmorancassy@hal9000.local"
          },
          "sensitive_attributes": []
        }
      ]
    },
    {
      "module": "module.tags[\"deployment\"]",
      "mode": "managed",
      "type": "digitalocean_tag",
      "name": "tag",
      "provider": "provider[\"registry.terraform.io/digitalocean/digitalocean\"]",
      "instances": [
        {
          "schema_version": 0,
          "attributes": {
            "databases_count": 0,
            "droplets_count": 0,
            "id": "deployment",
            "images_count": 0,
            "name": "deployment",
            "total_resource_count": 0,
            "volume_snapshots_count": 0,
            "volumes_count": 0
          },
          "sensitive_attributes": [],
          "private": "bnVsbA=="
        }
      ]
    },
    {
      "module": "module.tags[\"kubernetes\"]",
      "mode": "managed",
      "type": "digitalocean_tag",
      "name": "tag",
      "provider": "provider[\"registry.terraform.io/digitalocean/digitalocean\"]",
      "instances": [
        {
          "schema_version": 0,
          "attributes": {
            "databases_count": 0,
            "droplets_count": 0,
            "id": "kubernetes",
            "images_count": 0,
            "name": "kubernetes",
            "total_resource_count": 0,
            "volume_snapshots_count": 0,
            "volumes_count": 0
          },
          "sensitive_attributes": [],
          "private": "bnVsbA=="
        }
      ]
    },
    {
      "module": "module.terraform_project",
      "mode": "managed",
      "type": "digitalocean_project",
      "name": "terraform_project",
      "provider": "provider[\"registry.terraform.io/digitalocean/digitalocean\"]",
      "instances": [
        {
          "schema_version": 0,
          "attributes": {
            "created_at": "2023-10-29T16:26:27Z",
            "description": "A project that contains a Kubernetes cluster",
            "environment": "Development",
            "id": "7ad48d15-5d44-484f-a971-8dbe3c9fbbbc",
            "is_default": false,
            "name": "kubernetes DEV cluster",
            "owner_id": 1654787,
            "owner_uuid": "511e0ad4d667ba7b58ccefb68c2f000df49f12e4",
            "purpose": "Testing",
            "resources": [
              "do:droplet:382243055",
              "do:droplet:382243056",
              "do:droplet:382243057"
            ],
            "timeouts": null,
            "updated_at": "2023-10-29T16:26:27Z"
          },
          "sensitive_attributes": [],
          "private": "eyJlMmJmYjczMC1lY2FhLTExZTYtOGY4OC0zNDM2M2JjN2M0YzAiOnsiZGVsZXRlIjoxODAwMDAwMDAwMDB9fQ==",
          "dependencies": [
            "module.kubernetes_nodes.digitalocean_droplet.kubernetes_node",
            "module.kubernetes_vpc.digitalocean_vpc.private_network",
            "module.ssh.data.digitalocean_ssh_key.ssh_key",
            "module.ssh.digitalocean_ssh_key.default",
            "module.ssh.tls_private_key.ssh",
            "module.tags.digitalocean_tag.tag"
          ]
        }
      ]
    }
  ],
  "check_results": null
}
